
Microsoft Visual Studio Solution File, Format Version 12.00
# Visual Studio Version 17
VisualStudioVersion = 17.4.33213.308
MinimumVisualStudioVersion = 10.0.40219.1
Project("{2150E333-8FDC-42A3-9474-1A3956D46DE8}") = "VioRentals.Core", "VioRentals.Core", "{8AED2390-41ED-40A5-9606-31A979C66514}"
EndProject
Project("{2150E333-8FDC-42A3-9474-1A3956D46DE8}") = "VioRentals.Infrastructure", "VioRentals.Infrastructure", "{9A887131-64EF-4022-BD79-52B932E8E895}"
EndProject
Project("{9A19103F-16F7-4668-BE54-9A1E7A4F7556}") = "VioRentals.Core", "VioRentals.Core\VioRentals.Core.csproj", "{BB8055A9-98DF-415A-8479-D070A5EA34D4}"
EndProject
Project("{9A19103F-16F7-4668-BE54-9A1E7A4F7556}") = "VioRentals.Infrastructure", "VioRentals.Infrastructure\VioRentals.Infrastructure.csproj", "{C3B353D2-26DD-4A67-BBBF-295EA5D2744D}"
EndProject
Project("{2150E333-8FDC-42A3-9474-1A3956D46DE8}") = "VioRentals.Web", "VioRentals.Web", "{C32D47C1-33E8-4F9F-9540-88ED0C6931A5}"
EndProject
Project("{9A19103F-16F7-4668-BE54-9A1E7A4F7556}") = "VioRentals.Web", "VioRentals.Web\VioRentals.Web.csproj", "{F4A915B8-2874-49E5-B341-9B19C5761EA7}"
	ProjectSection(ProjectDependencies) = postProject
		{BB8055A9-98DF-415A-8479-D070A5EA34D4} = {BB8055A9-98DF-415A-8479-D070A5EA34D4}
	EndProjectSection
EndProject
Global
	GlobalSection(SolutionConfigurationPlatforms) = preSolution
		Debug|Any CPU = Debug|Any CPU
		Release|Any CPU = Release|Any CPU
	EndGlobalSection
	GlobalSection(ProjectConfigurationPlatforms) = postSolution
		{BB8055A9-98DF-415A-8479-D070A5EA34D4}.Debug|Any CPU.ActiveCfg = Debug|Any CPU
		{BB8055A9-98DF-415A-8479-D070A5EA34D4}.Debug|Any CPU.Build.0 = Debug|Any CPU
		{BB8055A9-98DF-415A-8479-D070A5EA34D4}.Release|Any CPU.ActiveCfg = Release|Any CPU
		{BB8055A9-98DF-415A-8479-D070A5EA34D4}.Release|Any CPU.Build.0 = Release|Any CPU
		{C3B353D2-26DD-4A67-BBBF-295EA5D2744D}.Debug|Any CPU.ActiveCfg = Debug|Any CPU
		{C3B353D2-26DD-4A67-BBBF-295EA5D2744D}.Debug|Any CPU.Build.0 = Debug|Any CPU
		{C3B353D2-26DD-4A67-BBBF-295EA5D2744D}.Release|Any CPU.ActiveCfg = Release|Any CPU
		{C3B353D2-26DD-4A67-BBBF-295EA5D2744D}.Release|Any CPU.Build.0 = Release|Any CPU
		{F4A915B8-2874-49E5-B341-9B19C5761EA7}.Debug|Any CPU.ActiveCfg = Debug|Any CPU
		{F4A915B8-2874-49E5-B341-9B19C5761EA7}.Debug|Any CPU.Build.0 = Debug|Any CPU
		{F4A915B8-2874-49E5-B341-9B19C5761EA7}.Release|Any CPU.ActiveCfg = Release|Any CPU
		{F4A915B8-2874-49E5-B341-9B19C5761EA7}.Release|Any CPU.Build.0 = Release|Any CPU
	EndGlobalSection
	GlobalSection(SolutionProperties) = preSolution
		HideSolutionNode = FALSE
	EndGlobalSection
	GlobalSection(NestedProjects) = preSolution
		{BB8055A9-98DF-415A-8479-D070A5EA34D4} = {8AED2390-41ED-40A5-9606-31A979C66514}
		{C3B353D2-26DD-4A67-BBBF-295EA5D2744D} = {9A887131-64EF-4022-BD79-52B932E8E895}
		{F4A915B8-2874-49E5-B341-9B19C5761EA7} = {C32D47C1-33E8-4F9F-9540-88ED0C6931A5}
	EndGlobalSection
	GlobalSection(ExtensibilityGlobals) = postSolution
		SolutionGuid = {123CA270-C868-466C-8583-0463A074200E}
	EndGlobalSection
EndGlobal
